
Microsoft Visual Studio Solution File, Format Version 12.00
# Visual Studio Version 17
VisualStudioVersion = 17.13.35919.96
MinimumVisualStudioVersion = 10.0.40219.1
Project("{FAE04EC0-301F-11D3-BF4B-00C04F79EFBC}") = "Onyx.Tests", "OnyxTest\Onyx.Tests.csproj", "{2C9C4D93-3C34-41B2-87DD-D1418193EFEF}"
EndProject
Project("{FAE04EC0-301F-11D3-BF4B-00C04F79EFBC}") = "Onyx", "Onyx\Onyx.csproj", "{2448F711-6673-D548-D66A-697B52C1F5F8}"
EndProject
Project("{FAE04EC0-301F-11D3-BF4B-00C04F79EFBC}") = "TestProgram", "TestProgram\TestProgram.csproj", "{B564653C-D249-45B0-AC13-3AB775A62E55}"
EndProject
Global
	GlobalSection(SolutionConfigurationPlatforms) = preSolution
		Debug|Any CPU = Debug|Any CPU
		Release|Any CPU = Release|Any CPU
	EndGlobalSection
	GlobalSection(ProjectConfigurationPlatforms) = postSolution
		{2C9C4D93-3C34-41B2-87DD-D1418193EFEF}.Debug|Any CPU.ActiveCfg = Debug|Any CPU
		{2C9C4D93-3C34-41B2-87DD-D1418193EFEF}.Debug|Any CPU.Build.0 = Debug|Any CPU
		{2C9C4D93-3C34-41B2-87DD-D1418193EFEF}.Release|Any CPU.ActiveCfg = Release|Any CPU
		{2C9C4D93-3C34-41B2-87DD-D1418193EFEF}.Release|Any CPU.Build.0 = Release|Any CPU
		{2448F711-6673-D548-D66A-697B52C1F5F8}.Debug|Any CPU.ActiveCfg = Debug|Any CPU
		{2448F711-6673-D548-D66A-697B52C1F5F8}.Debug|Any CPU.Build.0 = Debug|Any CPU
		{2448F711-6673-D548-D66A-697B52C1F5F8}.Release|Any CPU.ActiveCfg = Release|Any CPU
		{2448F711-6673-D548-D66A-697B52C1F5F8}.Release|Any CPU.Build.0 = Release|Any CPU
		{B564653C-D249-45B0-AC13-3AB775A62E55}.Debug|Any CPU.ActiveCfg = Debug|Any CPU
		{B564653C-D249-45B0-AC13-3AB775A62E55}.Debug|Any CPU.Build.0 = Debug|Any CPU
		{B564653C-D249-45B0-AC13-3AB775A62E55}.Release|Any CPU.ActiveCfg = Release|Any CPU
		{B564653C-D249-45B0-AC13-3AB775A62E55}.Release|Any CPU.Build.0 = Release|Any CPU
	EndGlobalSection
	GlobalSection(SolutionProperties) = preSolution
		HideSolutionNode = FALSE
	EndGlobalSection
	GlobalSection(ExtensibilityGlobals) = postSolution
		SolutionGuid = {E3750289-8432-425E-88F0-C88422A5A41B}
	EndGlobalSection
EndGlobal
